
Microsoft Visual Studio Solution File, Format Version 12.00
# Visual Studio 2012
Project("{8BC9CEB8-8B4A-11D0-8D11-00A0C91BC942}") = "MyCodingProject", "MyCodingProject\MyCodingProject.vcxproj", "{FAF1D321-2F1B-4A2D-BCE5-D5263ACB171C}"
EndProject
Global
	GlobalSection(SolutionConfigurationPlatforms) = preSolution
		Debug|Win32 = Debug|Win32
		Release|Win32 = Release|Win32
	EndGlobalSection
	GlobalSection(ProjectConfigurationPlatforms) = postSolution
		{FAF1D321-2F1B-4A2D-BCE5-D5263ACB171C}.Debug|Win32.ActiveCfg = Debug|Win32
		{FAF1D321-2F1B-4A2D-BCE5-D5263ACB171C}.Debug|Win32.Build.0 = Debug|Win32
		{FAF1D321-2F1B-4A2D-BCE5-D5263ACB171C}.Release|Win32.ActiveCfg = Release|Win32
		{FAF1D321-2F1B-4A2D-BCE5-D5263ACB171C}.Release|Win32.Build.0 = Release|Win32
	EndGlobalSection
	GlobalSection(SolutionProperties) = preSolution
		HideSolutionNode = FALSE
	EndGlobalSection
EndGlobal
